
Microsoft Visual Studio Solution File, Format Version 12.00
# Visual Studio Version 16
VisualStudioVersion = 16.0.31515.178
MinimumVisualStudioVersion = 10.0.40219.1
Project("{FAE04EC0-301F-11D3-BF4B-00C04F79EFBC}") = "TuplePerformance", "TuplePerformance\TuplePerformance.csproj", "{DDA1BA0A-73E3-4113-9783-BE6B315E92F0}"
EndProject
Global
	GlobalSection(SolutionConfigurationPlatforms) = preSolution
		Debug|Any CPU = Debug|Any CPU
		Release|Any CPU = Release|Any CPU
	EndGlobalSection
	GlobalSection(ProjectConfigurationPlatforms) = postSolution
		{DDA1BA0A-73E3-4113-9783-BE6B315E92F0}.Debug|Any CPU.ActiveCfg = Debug|Any CPU
		{DDA1BA0A-73E3-4113-9783-BE6B315E92F0}.Debug|Any CPU.Build.0 = Debug|Any CPU
		{DDA1BA0A-73E3-4113-9783-BE6B315E92F0}.Release|Any CPU.ActiveCfg = Release|Any CPU
		{DDA1BA0A-73E3-4113-9783-BE6B315E92F0}.Release|Any CPU.Build.0 = Release|Any CPU
	EndGlobalSection
	GlobalSection(SolutionProperties) = preSolution
		HideSolutionNode = FALSE
	EndGlobalSection
	GlobalSection(ExtensibilityGlobals) = postSolution
		SolutionGuid = {28334781-B4F0-4C7F-B2B2-3BC04C5DD37A}
	EndGlobalSection
EndGlobal
